
Microsoft Visual Studio Solution File, Format Version 12.00
# Visual Studio Version 17
VisualStudioVersion = 17.13.35818.85 d17.13
MinimumVisualStudioVersion = 10.0.40219.1
Project("{2150E333-8FDC-42A3-9474-1A3956D46DE8}") = "Core", "Core", "{02EA681E-C7D8-13C7-8484-4AC65E1B71E8}"
EndProject
Project("{2150E333-8FDC-42A3-9474-1A3956D46DE8}") = "Infrastructure", "Infrastructure", "{05A58B34-CF8B-4639-99D3-52D9D9936E7F}"
EndProject
Project("{2150E333-8FDC-42A3-9474-1A3956D46DE8}") = "Presentation", "Presentation", "{9FA72CFA-C61A-4BCD-8323-FDA8C23B1FBE}"
EndProject
Project("{2150E333-8FDC-42A3-9474-1A3956D46DE8}") = "Tests", "Tests", "{D1852DA6-6EFA-4B25-AB33-50D911EFB63F}"
EndProject
Project("{FAE04EC0-301F-11D3-BF4B-00C04F79EFBC}") = "Notes.Domain", "Notes.Domain\Notes.Domain.csproj", "{CE276F63-85C1-3F60-6CD3-6715FE45985A}"
EndProject
Project("{FAE04EC0-301F-11D3-BF4B-00C04F79EFBC}") = "Notes.Application", "Notes.Application\Notes.Application.csproj", "{4CA1E0A6-D0F0-47BF-A0D9-ECE5BB86154D}"
EndProject
Project("{FAE04EC0-301F-11D3-BF4B-00C04F79EFBC}") = "Notes.Persistance", "Notes.Persistance\Notes.Persistance.csproj", "{29CE521C-7DFE-425C-B83B-5CA8F90A4E2C}"
EndProject
Project("{FAE04EC0-301F-11D3-BF4B-00C04F79EFBC}") = "Notes.WebAPI", "Notes.WebAPI\Notes.WebAPI.csproj", "{B7472750-89CF-4AE9-8B6C-B853060BB9B4}"
EndProject
Global
	GlobalSection(SolutionConfigurationPlatforms) = preSolution
		Debug|Any CPU = Debug|Any CPU
		Release|Any CPU = Release|Any CPU
	EndGlobalSection
	GlobalSection(ProjectConfigurationPlatforms) = postSolution
		{CE276F63-85C1-3F60-6CD3-6715FE45985A}.Debug|Any CPU.ActiveCfg = Debug|Any CPU
		{CE276F63-85C1-3F60-6CD3-6715FE45985A}.Debug|Any CPU.Build.0 = Debug|Any CPU
		{CE276F63-85C1-3F60-6CD3-6715FE45985A}.Release|Any CPU.ActiveCfg = Release|Any CPU
		{CE276F63-85C1-3F60-6CD3-6715FE45985A}.Release|Any CPU.Build.0 = Release|Any CPU
		{4CA1E0A6-D0F0-47BF-A0D9-ECE5BB86154D}.Debug|Any CPU.ActiveCfg = Debug|Any CPU
		{4CA1E0A6-D0F0-47BF-A0D9-ECE5BB86154D}.Debug|Any CPU.Build.0 = Debug|Any CPU
		{4CA1E0A6-D0F0-47BF-A0D9-ECE5BB86154D}.Release|Any CPU.ActiveCfg = Release|Any CPU
		{4CA1E0A6-D0F0-47BF-A0D9-ECE5BB86154D}.Release|Any CPU.Build.0 = Release|Any CPU
		{29CE521C-7DFE-425C-B83B-5CA8F90A4E2C}.Debug|Any CPU.ActiveCfg = Debug|Any CPU
		{29CE521C-7DFE-425C-B83B-5CA8F90A4E2C}.Debug|Any CPU.Build.0 = Debug|Any CPU
		{29CE521C-7DFE-425C-B83B-5CA8F90A4E2C}.Release|Any CPU.ActiveCfg = Release|Any CPU
		{29CE521C-7DFE-425C-B83B-5CA8F90A4E2C}.Release|Any CPU.Build.0 = Release|Any CPU
		{B7472750-89CF-4AE9-8B6C-B853060BB9B4}.Debug|Any CPU.ActiveCfg = Debug|Any CPU
		{B7472750-89CF-4AE9-8B6C-B853060BB9B4}.Debug|Any CPU.Build.0 = Debug|Any CPU
		{B7472750-89CF-4AE9-8B6C-B853060BB9B4}.Release|Any CPU.ActiveCfg = Release|Any CPU
		{B7472750-89CF-4AE9-8B6C-B853060BB9B4}.Release|Any CPU.Build.0 = Release|Any CPU
	EndGlobalSection
	GlobalSection(SolutionProperties) = preSolution
		HideSolutionNode = FALSE
	EndGlobalSection
	GlobalSection(NestedProjects) = preSolution
		{CE276F63-85C1-3F60-6CD3-6715FE45985A} = {02EA681E-C7D8-13C7-8484-4AC65E1B71E8}
		{4CA1E0A6-D0F0-47BF-A0D9-ECE5BB86154D} = {02EA681E-C7D8-13C7-8484-4AC65E1B71E8}
		{29CE521C-7DFE-425C-B83B-5CA8F90A4E2C} = {05A58B34-CF8B-4639-99D3-52D9D9936E7F}
		{B7472750-89CF-4AE9-8B6C-B853060BB9B4} = {9FA72CFA-C61A-4BCD-8323-FDA8C23B1FBE}
	EndGlobalSection
	GlobalSection(ExtensibilityGlobals) = postSolution
		SolutionGuid = {A841E925-0147-4D26-AAEF-F333E2558D32}
	EndGlobalSection
EndGlobal
